
Microsoft Visual Studio Solution File, Format Version 12.00
# Visual Studio Version 17
VisualStudioVersion = 17.3.32901.215
MinimumVisualStudioVersion = 10.0.40219.1
Project("{9A19103F-16F7-4668-BE54-9A1E7A4F7556}") = "Client", "Client\Client.csproj", "{23546FED-304D-49A4-980C-284612D607A0}"
EndProject
Project("{9A19103F-16F7-4668-BE54-9A1E7A4F7556}") = "FlightCalendar", "FlightCalendar\FlightCalendar.csproj", "{002C4BE7-CE91-442E-871A-31613961426B}"
EndProject
Project("{9A19103F-16F7-4668-BE54-9A1E7A4F7556}") = "FlightCalendarTests", "FlightCalendarTests\FlightCalendarTests.csproj", "{9B4BE489-E06F-4C2C-9946-1C68E44DEDE5}"
EndProject
Project("{FAE04EC0-301F-11D3-BF4B-00C04F79EFBC}") = "ReportTests", "ReportTests\ReportTests.csproj", "{4094C08E-046F-4E48-901A-709F6512977E}"
EndProject
Project("{FAE04EC0-301F-11D3-BF4B-00C04F79EFBC}") = "Reports", "Reports\Reports.csproj", "{8CDE8844-D351-4C06-878D-5B33A925E6D8}"
EndProject
Global
	GlobalSection(SolutionConfigurationPlatforms) = preSolution
		Debug|Any CPU = Debug|Any CPU
		Release|Any CPU = Release|Any CPU
	EndGlobalSection
	GlobalSection(ProjectConfigurationPlatforms) = postSolution
		{23546FED-304D-49A4-980C-284612D607A0}.Debug|Any CPU.ActiveCfg = Debug|Any CPU
		{23546FED-304D-49A4-980C-284612D607A0}.Debug|Any CPU.Build.0 = Debug|Any CPU
		{23546FED-304D-49A4-980C-284612D607A0}.Release|Any CPU.ActiveCfg = Release|Any CPU
		{23546FED-304D-49A4-980C-284612D607A0}.Release|Any CPU.Build.0 = Release|Any CPU
		{002C4BE7-CE91-442E-871A-31613961426B}.Debug|Any CPU.ActiveCfg = Debug|Any CPU
		{002C4BE7-CE91-442E-871A-31613961426B}.Debug|Any CPU.Build.0 = Debug|Any CPU
		{002C4BE7-CE91-442E-871A-31613961426B}.Release|Any CPU.ActiveCfg = Release|Any CPU
		{002C4BE7-CE91-442E-871A-31613961426B}.Release|Any CPU.Build.0 = Release|Any CPU
		{9B4BE489-E06F-4C2C-9946-1C68E44DEDE5}.Debug|Any CPU.ActiveCfg = Debug|Any CPU
		{9B4BE489-E06F-4C2C-9946-1C68E44DEDE5}.Debug|Any CPU.Build.0 = Debug|Any CPU
		{9B4BE489-E06F-4C2C-9946-1C68E44DEDE5}.Release|Any CPU.ActiveCfg = Release|Any CPU
		{9B4BE489-E06F-4C2C-9946-1C68E44DEDE5}.Release|Any CPU.Build.0 = Release|Any CPU
		{4094C08E-046F-4E48-901A-709F6512977E}.Debug|Any CPU.ActiveCfg = Debug|Any CPU
		{4094C08E-046F-4E48-901A-709F6512977E}.Debug|Any CPU.Build.0 = Debug|Any CPU
		{4094C08E-046F-4E48-901A-709F6512977E}.Release|Any CPU.ActiveCfg = Release|Any CPU
		{4094C08E-046F-4E48-901A-709F6512977E}.Release|Any CPU.Build.0 = Release|Any CPU
		{8CDE8844-D351-4C06-878D-5B33A925E6D8}.Debug|Any CPU.ActiveCfg = Debug|Any CPU
		{8CDE8844-D351-4C06-878D-5B33A925E6D8}.Debug|Any CPU.Build.0 = Debug|Any CPU
		{8CDE8844-D351-4C06-878D-5B33A925E6D8}.Release|Any CPU.ActiveCfg = Release|Any CPU
		{8CDE8844-D351-4C06-878D-5B33A925E6D8}.Release|Any CPU.Build.0 = Release|Any CPU
	EndGlobalSection
	GlobalSection(SolutionProperties) = preSolution
		HideSolutionNode = FALSE
	EndGlobalSection
	GlobalSection(ExtensibilityGlobals) = postSolution
		SolutionGuid = {88B5542C-9399-47A8-B476-48A67D200753}
	EndGlobalSection
EndGlobal
